
Microsoft Visual Studio Solution File, Format Version 12.00
# Visual Studio 15
VisualStudioVersion = 15.0.27428.2005
MinimumVisualStudioVersion = 10.0.40219.1
Project("{FAE04EC0-301F-11D3-BF4B-00C04F79EFBC}") = "Hurricane", "Hurricane\Hurricane.csproj", "{ADD53E78-7F08-4975-BA31-EB0B17960A30}"
EndProject
Global
	GlobalSection(SolutionConfigurationPlatforms) = preSolution
		Debug|Any CPU = Debug|Any CPU
		Release|Any CPU = Release|Any CPU
	EndGlobalSection
	GlobalSection(ProjectConfigurationPlatforms) = postSolution
		{ADD53E78-7F08-4975-BA31-EB0B17960A30}.Debug|Any CPU.ActiveCfg = Debug|Any CPU
		{ADD53E78-7F08-4975-BA31-EB0B17960A30}.Debug|Any CPU.Build.0 = Debug|Any CPU
		{ADD53E78-7F08-4975-BA31-EB0B17960A30}.Release|Any CPU.ActiveCfg = Release|Any CPU
		{ADD53E78-7F08-4975-BA31-EB0B17960A30}.Release|Any CPU.Build.0 = Release|Any CPU
	EndGlobalSection
	GlobalSection(SolutionProperties) = preSolution
		HideSolutionNode = FALSE
	EndGlobalSection
	GlobalSection(ExtensibilityGlobals) = postSolution
		SolutionGuid = {C666E758-1A8B-4873-8082-56DD05752B89}
	EndGlobalSection
EndGlobal
